// !$*UTF8*$!
{
	archiveVersion = 1;
	classes = {
	};
	objectVersion = 50;
	objects = {

/* Begin PBXBuildFile section */
		55047365248385D0003B87E9 /* backup.swift in Sources */ = {isa = PBXBuildFile; fileRef = 55047364248385D0003B87E9 /* backup.swift */; };
		553753E12481A52C00A05070 /* AppDelegate.swift in Sources */ = {isa = PBXBuildFile; fileRef = 553753E02481A52C00A05070 /* AppDelegate.swift */; };
		553753E32481A52C00A05070 /* SceneDelegate.swift in Sources */ = {isa = PBXBuildFile; fileRef = 553753E22481A52C00A05070 /* SceneDelegate.swift */; };
		553753E52481A52C00A05070 /* ViewController.swift in Sources */ = {isa = PBXBuildFile; fileRef = 553753E42481A52C00A05070 /* ViewController.swift */; };
		553753E82481A52C00A05070 /* Main.storyboard in Resources */ = {isa = PBXBuildFile; fileRef = 553753E62481A52C00A05070 /* Main.storyboard */; };
		553753EA2481A52C00A05070 /* Assets.xcassets in Resources */ = {isa = PBXBuildFile; fileRef = 553753E92481A52C00A05070 /* Assets.xcassets */; };
		553753ED2481A52C00A05070 /* LaunchScreen.storyboard in Resources */ = {isa = PBXBuildFile; fileRef = 553753EB2481A52C00A05070 /* LaunchScreen.storyboard */; };
/* End PBXBuildFile section */

/* Begin PBXFileReference section */
		55047364248385D0003B87E9 /* backup.swift */ = {isa = PBXFileReference; lastKnownFileType = sourcecode.swift; path = backup.swift; sourceTree = "<group>"; };
		553753DD2481A52C00A05070 /* ColorPickerChallenge.app */ = {isa = PBXFileReference; explicitFileType = wrapper.application; includeInIndex = 0; path = ColorPickerChallenge.app; sourceTree = BUILT_PRODUCTS_DIR; };
		553753E02481A52C00A05070 /* AppDelegate.swift */ = {isa = PBXFileReference; lastKnownFileType = sourcecode.swift; path = AppDelegate.swift; sourceTree = "<group>"; };
		553753E22481A52C00A05070 /* SceneDelegate.swift */ = {isa = PBXFileReference; lastKnownFileType = sourcecode.swift; path = SceneDelegate.swift; sourceTree = "<group>"; };
		553753E42481A52C00A05070 /* ViewController.swift */ = {isa = PBXFileReference; lastKnownFileType = sourcecode.swift; path = ViewController.swift; sourceTree = "<group>"; };
		553753E72481A52C00A05070 /* Base */ = {isa = PBXFileReference; lastKnownFileType = file.storyboard; name = Base; path = Base.lproj/Main.storyboard; sourceTree = "<group>"; };
		553753E92481A52C00A05070 /* Assets.xcassets */ = {isa = PBXFileReference; lastKnownFileType = folder.assetcatalog; path = Assets.xcassets; sourceTree = "<group>"; };
		553753EC2481A52C00A05070 /* Base */ = {isa = PBXFileReference; lastKnownFileType = file.storyboard; name = Base; path = Base.lproj/LaunchScreen.storyboard; sourceTree = "<group>"; };
		553753EE2481A52C00A05070 /* Info.plist */ = {isa = PBXFileReference; lastKnownFileType = text.plist.xml; path = Info.plist; sourceTree = "<group>"; };
/* End PBXFileReference section */

/* Begin PBXFrameworksBuildPhase section */
		553753DA2481A52C00A05070 /* Frameworks */ = {
			isa = PBXFrameworksBuildPhase;
			buildActionMask = 2147483647;
			files = (
			);
			runOnlyForDeploymentPostprocessing = 0;
		};
/* End PBXFrameworksBuildPhase section */

/* Begin PBXGroup section */
		553753D42481A52C00A05070 = {
			isa = PBXGroup;
			children = (
				553753DF2481A52C00A05070 /* ColorPickerChallenge */,
				553753DE2481A52C00A05070 /* Products */,
			);
			sourceTree = "<group>";
		};
		553753DE2481A52C00A05070 /* Products */ = {
			isa = PBXGroup;
			children = (
				553753DD2481A52C00A05070 /* ColorPickerChallenge.app */,
			);
			name = Products;
			sourceTree = "<group>";
		};
		553753DF2481A52C00A05070 /* ColorPickerChallenge */ = {
			isa = PBXGroup;
			children = (
				553753E02481A52C00A05070 /* AppDelegate.swift */,
				553753E22481A52C00A05070 /* SceneDelegate.swift */,
				553753E42481A52C00A05070 /* ViewController.swift */,
				55047364248385D0003B87E9 /* backup.swift */,
				553753E62481A52C00A05070 /* Main.storyboard */,
				553753E92481A52C00A05070 /* Assets.xcassets */,
				553753EB2481A52C00A05070 /* LaunchScreen.storyboard */,
				553753EE2481A52C00A05070 /* Info.plist */,
			);
			path = ColorPickerChallenge;
			sourceTree = "<group>";
		};
/* End PBXGroup section */

/* Begin PBXNativeTarget section */
		553753DC2481A52C00A05070 /* ColorPickerChallenge */ = {
			isa = PBXNativeTarget;
			buildConfigurationList = 553753F12481A52C00A05070 /* Build configuration list for PBXNativeTarget "ColorPickerChallenge" */;
			buildPhases = (
				553753D92481A52C00A05070 /* Sources */,
				553753DA2481A52C00A05070 /* Frameworks */,
				553753DB2481A52C00A05070 /* Resources */,
			);
			buildRules = (
			);
			dependencies = (
			);
			name = ColorPickerChallenge;
			productName = ColorPickerChallenge;
			productReference = 553753DD2481A52C00A05070 /* ColorPickerChallenge.app */;
			productType = "com.apple.product-type.application";
		};
/* End PBXNativeTarget section */

/* Begin PBXProject section */
		553753D52481A52C00A05070 /* Project object */ = {
			isa = PBXProject;
			attributes = {
				LastSwiftUpdateCheck = 1150;
				LastUpgradeCheck = 1150;
				ORGANIZATIONNAME = "Richard Garrison";
				TargetAttributes = {
					553753DC2481A52C00A05070 = {
						CreatedOnToolsVersion = 11.5;
					};
				};
			};
			buildConfigurationList = 553753D82481A52C00A05070 /* Build configuration list for PBXProject "ColorPickerChallenge" */;
			compatibilityVersion = "Xcode 9.3";
			developmentRegion = en;
			hasScannedForEncodings = 0;
			knownRegions = (
				en,
				Base,
			);
			mainGroup = 553753D42481A52C00A05070;
			productRefGroup = 553753DE2481A52C00A05070 /* Products */;
			projectDirPath = "";
			projectRoot = "";
			targets = (
				553753DC2481A52C00A05070 /* ColorPickerChallenge */,
			);
		};
/* End PBXProject section */

/* Begin PBXResourcesBuildPhase section */
		553753DB2481A52C00A05070 /* Resources */ = {
			isa = PBXResourcesBuildPhase;
			buildActionMask = 2147483647;
			files = (
				553753ED2481A52C00A05070 /* LaunchScreen.storyboard in Resources */,
				553753EA2481A52C00A05070 /* Assets.xcassets in Resources */,
				553753E82481A52C00A05070 /* Main.storyboard in Resources */,
			);
			runOnlyForDeploymentPostprocessing = 0;
		};
/* End PBXResourcesBuildPhase section */

/* Begin PBXSourcesBuildPhase section */
		553753D92481A52C00A05070 /* Sources */ = {
			isa = PBXSourcesBuildPhase;
			buildActionMask = 2147483647;
			files = (
				553753E52481A52C00A05070 /* ViewController.swift in Sources */,
				55047365248385D0003B87E9 /* backup.swift in Sources */,
				553753E12481A52C00A05070 /* AppDelegate.swift in Sources */,
				553753E32481A52C00A05070 /* SceneDelegate.swift in Sources */,
			);
			runOnlyForDeploymentPostprocessing = 0;
		};
/* End PBXSourcesBuildPhase section */

/* Begin PBXVariantGroup section */
		553753E62481A52C00A05070 /* Main.storyboard */ = {
			isa = PBXVariantGroup;
			children = (
				553753E72481A52C00A05070 /* Base */,
			);
			name = Main.storyboard;
			sourceTree = "<group>";
		};
		553753EB2481A52C00A05070 /* LaunchScreen.storyboard */ = {
			isa = PBXVariantGroup;
			children = (
				553753EC2481A52C00A05070 /* Base */,
			);
			name = LaunchScreen.storyboard;
			sourceTree = "<group>";
		};
/* End PBXVariantGroup section */

/* Begin XCBuildConfiguration section */
		553753EF2481A52C00A05070 /* Debug */ = {
			isa = XCBuildConfiguration;
			buildSettings = {
				ALWAYS_SEARCH_USER_PATHS = NO;
				CLANG_ANALYZER_NONNULL = YES;
				CLANG_ANALYZER_NUMBER_OBJECT_CONVERSION = YES_AGGRESSIVE;
				CLANG_CXX_LANGUAGE_STANDARD = "gnu++14";
				CLANG_CXX_LIBRARY = "libc++";
				CLANG_ENABLE_MODULES = YES;
				CLANG_ENABLE_OBJC_ARC = YES;
				CLANG_ENABLE_OBJC_WEAK = YES;
				CLANG_WARN_BLOCK_CAPTURE_AUTORELEASING = YES;
				CLANG_WARN_BOOL_CONVERSION = YES;
				CLANG_WARN_COMMA = YES;
				CLANG_WARN_CONSTANT_CONVERSION = YES;
				CLANG_WARN_DEPRECATED_OBJC_IMPLEMENTATIONS = YES;
				CLANG_WARN_DIRECT_OBJC_ISA_USAGE = YES_ERROR;
				CLANG_WARN_DOCUMENTATION_COMMENTS = YES;
				CLANG_WARN_EMPTY_BODY = YES;
				CLANG_WARN_ENUM_CONVERSION = YES;
				CLANG_WARN_INFINITE_RECURSION = YES;
				CLANG_WARN_INT_CONVERSION = YES;
				CLANG_WARN_NON_LITERAL_NULL_CONVERSION = YES;
				CLANG_WARN_OBJC_IMPLICIT_RETAIN_SELF = YES;
				CLANG_WARN_OBJC_LITERAL_CONVERSION = YES;
				CLANG_WARN_OBJC_ROOT_CLASS = YES_ERROR;
				CLANG_WARN_RANGE_LOOP_ANALYSIS = YES;
				CLANG_WARN_STRICT_PROTOTYPES = YES;
				CLANG_WARN_SUSPICIOUS_MOVE = YES;
				CLANG_WARN_UNGUARDED_AVAILABILITY = YES_AGGRESSIVE;
				CLANG_WARN_UNREACHABLE_CODE = YES;
				CLANG_WARN__DUPLICATE_METHOD_MATCH = YES;
				COPY_PHASE_STRIP = NO;
				DEBUG_INFORMATION_FORMAT = dwarf;
				ENABLE_STRICT_OBJC_MSGSEND = YES;
				ENABLE_TESTABILITY = YES;
				GCC_C_LANGUAGE_STANDARD = gnu11;
				GCC_DYNAMIC_NO_PIC = NO;
				GCC_NO_COMMON_BLOCKS = YES;
				GCC_OPTIMIZATION_LEVEL = 0;
				GCC_PREPROCESSOR_DEFINITIONS = (
					"DEBUG=1",
					"$(inherited)",
				);
				GCC_WARN_64_TO_32_BIT_CONVERSION = YES;
				GCC_WARN_ABOUT_RETURN_TYPE = YES_ERROR;
				GCC_WARN_UNDECLARED_SELECTOR = YES;
				GCC_WARN_UNINITIALIZED_AUTOS = YES_AGGRESSIVE;
				GCC_WARN_UNUSED_FUNCTION = YES;
				GCC_WARN_UNUSED_VARIABLE = YES;
				IPHONEOS_DEPLOYMENT_TARGET = 13.5;
				MTL_ENABLE_DEBUG_INFO = INCLUDE_SOURCE;
				MTL_FAST_MATH = YES;
				ONLY_ACTIVE_ARCH = YES;
				SDKROOT = iphoneos;
				SWIFT_ACTIVE_COMPILATION_CONDITIONS = DEBUG;
				SWIFT_OPTIMIZATION_LEVEL = "-Onone";
			};
			name = Debug;
		};
		553753F02481A52C00A05070 /* Release */ = {
			isa = XCBuildConfiguration;
			buildSettings = {
				ALWAYS_SEARCH_USER_PATHS = NO;
				CLANG_ANALYZER_NONNULL = YES;
				CLANG_ANALYZER_NUMBER_OBJECT_CONVERSION = YES_AGGRESSIVE;
				CLANG_CXX_LANGUAGE_STANDARD = "gnu++14";
				CLANG_CXX_LIBRARY = "libc++";
				CLANG_ENABLE_MODULES = YES;
				CLANG_ENABLE_OBJC_ARC = YES;
				CLANG_ENABLE_OBJC_WEAK = YES;
				CLANG_WARN_BLOCK_CAPTURE_AUTORELEASING = YES;
				CLANG_WARN_BOOL_CONVERSION = YES;
				CLANG_WARN_COMMA = YES;
				CLANG_WARN_CONSTANT_CONVERSION = YES;
				CLANG_WARN_DEPRECATED_OBJC_IMPLEMENTATIONS = YES;
				CLANG_WARN_DIRECT_OBJC_ISA_USAGE = YES_ERROR;
				CLANG_WARN_DOCUMENTATION_COMMENTS = YES;
				CLANG_WARN_EMPTY_BODY = YES;
				CLANG_WARN_ENUM_CONVERSION = YES;
				CLANG_WARN_INFINITE_RECURSION = YES;
				CLANG_WARN_INT_CONVERSION = YES;
				CLANG_WARN_NON_LITERAL_NULL_CONVERSION = YES;
				CLANG_WARN_OBJC_IMPLICIT_RETAIN_SELF = YES;
				CLANG_WARN_OBJC_LITERAL_CONVERSION = YES;
				CLANG_WARN_OBJC_ROOT_CLASS = YES_ERROR;
				CLANG_WARN_RANGE_LOOP_ANALYSIS = YES;
				CLANG_WARN_STRICT_PROTOTYPES = YES;
				CLANG_WARN_SUSPICIOUS_MOVE = YES;
				CLANG_WARN_UNGUARDED_AVAILABILITY = YES_AGGRESSIVE;
				CLANG_WARN_UNREACHABLE_CODE = YES;
				CLANG_WARN__DUPLICATE_METHOD_MATCH = YES;
				COPY_PHASE_STRIP = NO;
				DEBUG_INFORMATION_FORMAT = "dwarf-with-dsym";
				ENABLE_NS_ASSERTIONS = NO;
				ENABLE_STRICT_OBJC_MSGSEND = YES;
				GCC_C_LANGUAGE_STANDARD = gnu11;
				GCC_NO_COMMON_BLOCKS = YES;
				GCC_WARN_64_TO_32_BIT_CONVERSION = YES;
				GCC_WARN_ABOUT_RETURN_TYPE = YES_ERROR;
				GCC_WARN_UNDECLARED_SELECTOR = YES;
				GCC_WARN_UNINITIALIZED_AUTOS = YES_AGGRESSIVE;
				GCC_WARN_UNUSED_FUNCTION = YES;
				GCC_WARN_UNUSED_VARIABLE = YES;
				IPHONEOS_DEPLOYMENT_TARGET = 13.5;
				MTL_ENABLE_DEBUG_INFO = NO;
				MTL_FAST_MATH = YES;
				SDKROOT = iphoneos;
				SWIFT_COMPILATION_MODE = wholemodule;
				SWIFT_OPTIMIZATION_LEVEL = "-O";
				VALIDATE_PRODUCT = YES;
			};
			name = Release;
		};
		553753F22481A52C00A05070 /* Debug */ = {
			isa = XCBuildConfiguration;
			buildSettings = {
				ASSETCATALOG_COMPILER_APPICON_NAME = AppIcon;
				CODE_SIGN_STYLE = Automatic;
				DEVELOPMENT_TEAM = VHAK2KP6YN;
				INFOPLIST_FILE = ColorPickerChallenge/Info.plist;
				LD_RUNPATH_SEARCH_PATHS = (
					"$(inherited)",
					"@executable_path/Frameworks",
				);
				PRODUCT_BUNDLE_IDENTIFIER = "dev.ios-mobile.ColorPickerChallenge";
				PRODUCT_NAME = "$(TARGET_NAME)";
				SWIFT_VERSION = 5.0;
				TARGETED_DEVICE_FAMILY = "1,2";
			};
			name = Debug;
		};
		553753F32481A52C00A05070 /* Release */ = {
			isa = XCBuildConfiguration;
			buildSettings = {
				ASSETCATALOG_COMPILER_APPICON_NAME = AppIcon;
				CODE_SIGN_STYLE = Automatic;
				DEVELOPMENT_TEAM = VHAK2KP6YN;
				INFOPLIST_FILE = ColorPickerChallenge/Info.plist;
				LD_RUNPATH_SEARCH_PATHS = (
					"$(inherited)",
					"@executable_path/Frameworks",
				);
				PRODUCT_BUNDLE_IDENTIFIER = "dev.ios-mobile.ColorPickerChallenge";
				PRODUCT_NAME = "$(TARGET_NAME)";
				SWIFT_VERSION = 5.0;
				TARGETED_DEVICE_FAMILY = "1,2";
			};
			name = Release;
		};
/* End XCBuildConfiguration section */

/* Begin XCConfigurationList section */
		553753D82481A52C00A05070 /* Build configuration list for PBXProject "ColorPickerChallenge" */ = {
			isa = XCConfigurationList;
			buildConfigurations = (
				553753EF2481A52C00A05070 /* Debug */,
				553753F02481A52C00A05070 /* Release */,
			);
			defaultConfigurationIsVisible = 0;
			defaultConfigurationName = Release;
		};
		553753F12481A52C00A05070 /* Build configuration list for PBXNativeTarget "ColorPickerChallenge" */ = {
			isa = XCConfigurationList;
			buildConfigurations = (
				553753F22481A52C00A05070 /* Debug */,
				553753F32481A52C00A05070 /* Release */,
			);
			defaultConfigurationIsVisible = 0;
			defaultConfigurationName = Release;
		};
/* End XCConfigurationList section */
	};
	rootObject = 553753D52481A52C00A05070 /* Project object */;
}
